// !$*UTF8*$!
{
	archiveVersion = 1;
	classes = {
	};
	objectVersion = 55;
	objects = {

/* Begin PBXBuildFile section */
		1E0D9516291DA0DD00D4A988 /* CategoriesScreen.swift in Sources */ = {isa = PBXBuildFile; fileRef = 1E0D9515291DA0DD00D4A988 /* CategoriesScreen.swift */; };
		1E0D9518291DA0E500D4A988 /* SearchScreen.swift in Sources */ = {isa = PBXBuildFile; fileRef = 1E0D9517291DA0E500D4A988 /* SearchScreen.swift */; };
		1E0D951A291DA0ED00D4A988 /* AccountScreen.swift in Sources */ = {isa = PBXBuildFile; fileRef = 1E0D9519291DA0ED00D4A988 /* AccountScreen.swift */; };
		1E0D951C291DA0F900D4A988 /* User.swift in Sources */ = {isa = PBXBuildFile; fileRef = 1E0D951B291DA0F900D4A988 /* User.swift */; };
		1E8E8A2C290DB84600AD6925 /* GoogleService-Info.plist in Resources */ = {isa = PBXBuildFile; fileRef = 1E8E8A2B290DB84600AD6925 /* GoogleService-Info.plist */; };
		1EAC4703290B307B002BD5DC /* StoreAppApp.swift in Sources */ = {isa = PBXBuildFile; fileRef = 1EAC4702290B307B002BD5DC /* StoreAppApp.swift */; };
		1EAC4705290B307B002BD5DC /* ContentView.swift in Sources */ = {isa = PBXBuildFile; fileRef = 1EAC4704290B307B002BD5DC /* ContentView.swift */; };
		1EAC4707290B307E002BD5DC /* Assets.xcassets in Resources */ = {isa = PBXBuildFile; fileRef = 1EAC4706290B307E002BD5DC /* Assets.xcassets */; };
		1EAC470A290B307E002BD5DC /* Preview Assets.xcassets in Resources */ = {isa = PBXBuildFile; fileRef = 1EAC4709290B307E002BD5DC /* Preview Assets.xcassets */; };
		1ED76ACE2926CDFC00CC8D6F /* UpdateEmail.swift in Sources */ = {isa = PBXBuildFile; fileRef = 1ED76ACD2926CDFC00CC8D6F /* UpdateEmail.swift */; };
		1ED76AD02926CE0700CC8D6F /* UpdatePassword.swift in Sources */ = {isa = PBXBuildFile; fileRef = 1ED76ACF2926CE0700CC8D6F /* UpdatePassword.swift */; };
		1EDD3E1C290DC14A00253AF7 /* HomeScreen.swift in Sources */ = {isa = PBXBuildFile; fileRef = 1EDD3E1B290DC14A00253AF7 /* HomeScreen.swift */; };
		1EDD3E1E290DC16D00253AF7 /* SignInScreen.swift in Sources */ = {isa = PBXBuildFile; fileRef = 1EDD3E1D290DC16D00253AF7 /* SignInScreen.swift */; };
		1EDD3E22290DC20300253AF7 /* SignUpScreen.swift in Sources */ = {isa = PBXBuildFile; fileRef = 1EDD3E21290DC20300253AF7 /* SignUpScreen.swift */; };
		4D4D5BF8EE8B455DF9C83A58 /* Pods_StoreApp.framework in Frameworks */ = {isa = PBXBuildFile; fileRef = 1FCC5EDF604F3669D3860A29 /* Pods_StoreApp.framework */; };
		D00AABF6291C729800D6F129 /* Item.swift in Sources */ = {isa = PBXBuildFile; fileRef = D00AABF5291C727000D6F129 /* Item.swift */; };
		D00AAC14291C831700D6F129 /* ItemDetail.swift in Sources */ = {isa = PBXBuildFile; fileRef = D00AABF7291C7DC100D6F129 /* ItemDetail.swift */; };
		D00AAC1C291EF9F200D6F129 /* ShortsCategory.swift in Sources */ = {isa = PBXBuildFile; fileRef = D00AAC1B291EF9EE00D6F129 /* ShortsCategory.swift */; };
		D0A92ED72925316D005F1530 /* ShirtsCategory.swift in Sources */ = {isa = PBXBuildFile; fileRef = D0A92ED62925316D005F1530 /* ShirtsCategory.swift */; };
		D0A92ED9292531A8005F1530 /* ShoesCategory.swift in Sources */ = {isa = PBXBuildFile; fileRef = D0A92ED8292531A8005F1530 /* ShoesCategory.swift */; };
		D0A92EDB292531CB005F1530 /* PantsCategory.swift in Sources */ = {isa = PBXBuildFile; fileRef = D0A92EDA292531CB005F1530 /* PantsCategory.swift */; };
		D0D1494C2943B7D60048F7BA /* OrderView.swift in Sources */ = {isa = PBXBuildFile; fileRef = D0D1494B2943B7D60048F7BA /* OrderView.swift */; };
/* End PBXBuildFile section */

/* Begin PBXFileReference section */
		1E0D9515291DA0DD00D4A988 /* CategoriesScreen.swift */ = {isa = PBXFileReference; lastKnownFileType = sourcecode.swift; path = CategoriesScreen.swift; sourceTree = "<group>"; };
		1E0D9517291DA0E500D4A988 /* SearchScreen.swift */ = {isa = PBXFileReference; lastKnownFileType = sourcecode.swift; path = SearchScreen.swift; sourceTree = "<group>"; };
		1E0D9519291DA0ED00D4A988 /* AccountScreen.swift */ = {isa = PBXFileReference; lastKnownFileType = sourcecode.swift; path = AccountScreen.swift; sourceTree = "<group>"; };
		1E0D951B291DA0F900D4A988 /* User.swift */ = {isa = PBXFileReference; lastKnownFileType = sourcecode.swift; path = User.swift; sourceTree = "<group>"; };
		1E8E8A2B290DB84600AD6925 /* GoogleService-Info.plist */ = {isa = PBXFileReference; fileEncoding = 4; lastKnownFileType = text.plist.xml; path = "GoogleService-Info.plist"; sourceTree = "<group>"; };
		1EAC4702290B307B002BD5DC /* StoreAppApp.swift */ = {isa = PBXFileReference; lastKnownFileType = sourcecode.swift; path = StoreAppApp.swift; sourceTree = "<group>"; };
		1EAC4704290B307B002BD5DC /* ContentView.swift */ = {isa = PBXFileReference; lastKnownFileType = sourcecode.swift; path = ContentView.swift; sourceTree = "<group>"; };
		1EAC4706290B307E002BD5DC /* Assets.xcassets */ = {isa = PBXFileReference; lastKnownFileType = folder.assetcatalog; path = Assets.xcassets; sourceTree = "<group>"; };
		1EAC4709290B307E002BD5DC /* Preview Assets.xcassets */ = {isa = PBXFileReference; lastKnownFileType = folder.assetcatalog; path = "Preview Assets.xcassets"; sourceTree = "<group>"; };
		1ED76ACD2926CDFC00CC8D6F /* UpdateEmail.swift */ = {isa = PBXFileReference; lastKnownFileType = sourcecode.swift; path = UpdateEmail.swift; sourceTree = "<group>"; };
		1ED76ACF2926CE0700CC8D6F /* UpdatePassword.swift */ = {isa = PBXFileReference; lastKnownFileType = sourcecode.swift; path = UpdatePassword.swift; sourceTree = "<group>"; };
		1EDD3E1B290DC14A00253AF7 /* HomeScreen.swift */ = {isa = PBXFileReference; lastKnownFileType = sourcecode.swift; path = HomeScreen.swift; sourceTree = "<group>"; };
		1EDD3E1D290DC16D00253AF7 /* SignInScreen.swift */ = {isa = PBXFileReference; lastKnownFileType = sourcecode.swift; path = SignInScreen.swift; sourceTree = "<group>"; };
		1EDD3E21290DC20300253AF7 /* SignUpScreen.swift */ = {isa = PBXFileReference; lastKnownFileType = sourcecode.swift; path = SignUpScreen.swift; sourceTree = "<group>"; };
		1FCC5EDF604F3669D3860A29 /* Pods_StoreApp.framework */ = {isa = PBXFileReference; explicitFileType = wrapper.framework; includeInIndex = 0; path = Pods_StoreApp.framework; sourceTree = BUILT_PRODUCTS_DIR; };
		29F29BC48B9866F87A6E0FA4 /* Pods-StoreApp.release.xcconfig */ = {isa = PBXFileReference; includeInIndex = 1; lastKnownFileType = text.xcconfig; name = "Pods-StoreApp.release.xcconfig"; path = "Target Support Files/Pods-StoreApp/Pods-StoreApp.release.xcconfig"; sourceTree = "<group>"; };
		8A8B34BDD00254D9F6C8D953 /* Pods-StoreApp.debug.xcconfig */ = {isa = PBXFileReference; includeInIndex = 1; lastKnownFileType = text.xcconfig; name = "Pods-StoreApp.debug.xcconfig"; path = "Target Support Files/Pods-StoreApp/Pods-StoreApp.debug.xcconfig"; sourceTree = "<group>"; };
		D00AABF0291C288300D6F129 /* StoreApp.app */ = {isa = PBXFileReference; explicitFileType = wrapper.application; includeInIndex = 0; path = StoreApp.app; sourceTree = BUILT_PRODUCTS_DIR; };
		D00AABF5291C727000D6F129 /* Item.swift */ = {isa = PBXFileReference; lastKnownFileType = sourcecode.swift; path = Item.swift; sourceTree = "<group>"; };
		D00AABF7291C7DC100D6F129 /* ItemDetail.swift */ = {isa = PBXFileReference; lastKnownFileType = sourcecode.swift; path = ItemDetail.swift; sourceTree = "<group>"; };
		D00AAC1B291EF9EE00D6F129 /* ShortsCategory.swift */ = {isa = PBXFileReference; lastKnownFileType = sourcecode.swift; path = ShortsCategory.swift; sourceTree = "<group>"; };
		D0A92ED62925316D005F1530 /* ShirtsCategory.swift */ = {isa = PBXFileReference; lastKnownFileType = sourcecode.swift; path = ShirtsCategory.swift; sourceTree = "<group>"; };
		D0A92ED8292531A8005F1530 /* ShoesCategory.swift */ = {isa = PBXFileReference; lastKnownFileType = sourcecode.swift; path = ShoesCategory.swift; sourceTree = "<group>"; };
		D0A92EDA292531CB005F1530 /* PantsCategory.swift */ = {isa = PBXFileReference; lastKnownFileType = sourcecode.swift; path = PantsCategory.swift; sourceTree = "<group>"; };
		D0D1494B2943B7D60048F7BA /* OrderView.swift */ = {isa = PBXFileReference; fileEncoding = 4; lastKnownFileType = sourcecode.swift; path = OrderView.swift; sourceTree = "<group>"; };
/* End PBXFileReference section */

/* Begin PBXFrameworksBuildPhase section */
		1EAC46FC290B307B002BD5DC /* Frameworks */ = {
			isa = PBXFrameworksBuildPhase;
			buildActionMask = 2147483647;
			files = (
				4D4D5BF8EE8B455DF9C83A58 /* Pods_StoreApp.framework in Frameworks */,
			);
			runOnlyForDeploymentPostprocessing = 0;
		};
/* End PBXFrameworksBuildPhase section */

/* Begin PBXGroup section */
		0D396315589FCC54B14270E4 /* Pods */ = {
			isa = PBXGroup;
			children = (
				8A8B34BDD00254D9F6C8D953 /* Pods-StoreApp.debug.xcconfig */,
				29F29BC48B9866F87A6E0FA4 /* Pods-StoreApp.release.xcconfig */,
			);
			path = Pods;
			sourceTree = "<group>";
		};
		1105637911BF514B4F1ED64F /* Frameworks */ = {
			isa = PBXGroup;
			children = (
				1FCC5EDF604F3669D3860A29 /* Pods_StoreApp.framework */,
			);
			name = Frameworks;
			sourceTree = "<group>";
		};
		1EAC46F6290B307B002BD5DC = {
			isa = PBXGroup;
			children = (
				1EAC4701290B307B002BD5DC /* StoreApp */,
				0D396315589FCC54B14270E4 /* Pods */,
				1105637911BF514B4F1ED64F /* Frameworks */,
				D00AABF0291C288300D6F129 /* StoreApp.app */,
			);
			sourceTree = "<group>";
		};
		1EAC4701290B307B002BD5DC /* StoreApp */ = {
			isa = PBXGroup;
			children = (
				1EDD3E19290DC11D00253AF7 /* Item Views */,
				1EDD3E18290DC0F900253AF7 /* Screens */,
				1EAC4702290B307B002BD5DC /* StoreAppApp.swift */,
				1EAC4704290B307B002BD5DC /* ContentView.swift */,
				D00AABF5291C727000D6F129 /* Item.swift */,
				1E8E8A2B290DB84600AD6925 /* GoogleService-Info.plist */,
				1EAC4706290B307E002BD5DC /* Assets.xcassets */,
				1EAC4708290B307E002BD5DC /* Preview Content */,
				1E0D951B291DA0F900D4A988 /* User.swift */,
			);
			path = StoreApp;
			sourceTree = "<group>";
		};
		1EAC4708290B307E002BD5DC /* Preview Content */ = {
			isa = PBXGroup;
			children = (
				1EAC4709290B307E002BD5DC /* Preview Assets.xcassets */,
			);
			path = "Preview Content";
			sourceTree = "<group>";
		};
		1EDD3E18290DC0F900253AF7 /* Screens */ = {
			isa = PBXGroup;
			children = (
				1EDD3E1B290DC14A00253AF7 /* HomeScreen.swift */,
				1E0D9515291DA0DD00D4A988 /* CategoriesScreen.swift */,
				1E0D9517291DA0E500D4A988 /* SearchScreen.swift */,
				1E0D9519291DA0ED00D4A988 /* AccountScreen.swift */,
				1EDD3E1D290DC16D00253AF7 /* SignInScreen.swift */,
				1EDD3E21290DC20300253AF7 /* SignUpScreen.swift */,
				1ED76ACD2926CDFC00CC8D6F /* UpdateEmail.swift */,
				1ED76ACF2926CE0700CC8D6F /* UpdatePassword.swift */,
				D00AABF7291C7DC100D6F129 /* ItemDetail.swift */,
				D00AAC1B291EF9EE00D6F129 /* ShortsCategory.swift */,
				D0A92ED62925316D005F1530 /* ShirtsCategory.swift */,
				D0A92ED8292531A8005F1530 /* ShoesCategory.swift */,
				D0A92EDA292531CB005F1530 /* PantsCategory.swift */,
				D0D1494B2943B7D60048F7BA /* OrderView.swift */,
			);
			path = Screens;
			sourceTree = "<group>";
		};
		1EDD3E19290DC11D00253AF7 /* Item Views */ = {
			isa = PBXGroup;
			children = (
			);
			path = "Item Views";
			sourceTree = "<group>";
		};
/* End PBXGroup section */

/* Begin PBXNativeTarget section */
		1EAC46FE290B307B002BD5DC /* StoreApp */ = {
			isa = PBXNativeTarget;
			buildConfigurationList = 1EAC470D290B307E002BD5DC /* Build configuration list for PBXNativeTarget "StoreApp" */;
			buildPhases = (
				117589F132CF22F493AEDC9C /* [CP] Check Pods Manifest.lock */,
				1EAC46FB290B307B002BD5DC /* Sources */,
				1EAC46FC290B307B002BD5DC /* Frameworks */,
				1EAC46FD290B307B002BD5DC /* Resources */,
				5D9DC85C81E336B4C4EF473A /* [CP] Embed Pods Frameworks */,
			);
			buildRules = (
			);
			dependencies = (
			);
			name = StoreApp;
			productName = StoreApp;
			productReference = D00AABF0291C288300D6F129 /* StoreApp.app */;
			productType = "com.apple.product-type.application";
		};
/* End PBXNativeTarget section */

/* Begin PBXProject section */
		1EAC46F7290B307B002BD5DC /* Project object */ = {
			isa = PBXProject;
			attributes = {
				BuildIndependentTargetsInParallel = 1;
				LastSwiftUpdateCheck = 1320;
				LastUpgradeCheck = 1320;
				TargetAttributes = {
					1EAC46FE290B307B002BD5DC = {
						CreatedOnToolsVersion = 13.2.1;
					};
				};
			};
			buildConfigurationList = 1EAC46FA290B307B002BD5DC /* Build configuration list for PBXProject "StoreApp" */;
			compatibilityVersion = "Xcode 13.0";
			developmentRegion = en;
			hasScannedForEncodings = 0;
			knownRegions = (
				en,
				Base,
			);
			mainGroup = 1EAC46F6290B307B002BD5DC;
			productRefGroup = 1EAC46F6290B307B002BD5DC;
			projectDirPath = "";
			projectRoot = "";
			targets = (
				1EAC46FE290B307B002BD5DC /* StoreApp */,
			);
		};
/* End PBXProject section */

/* Begin PBXResourcesBuildPhase section */
		1EAC46FD290B307B002BD5DC /* Resources */ = {
			isa = PBXResourcesBuildPhase;
			buildActionMask = 2147483647;
			files = (
				1EAC470A290B307E002BD5DC /* Preview Assets.xcassets in Resources */,
				1EAC4707290B307E002BD5DC /* Assets.xcassets in Resources */,
				1E8E8A2C290DB84600AD6925 /* GoogleService-Info.plist in Resources */,
			);
			runOnlyForDeploymentPostprocessing = 0;
		};
/* End PBXResourcesBuildPhase section */

/* Begin PBXShellScriptBuildPhase section */
		117589F132CF22F493AEDC9C /* [CP] Check Pods Manifest.lock */ = {
			isa = PBXShellScriptBuildPhase;
			buildActionMask = 2147483647;
			files = (
			);
			inputFileListPaths = (
			);
			inputPaths = (
				"${PODS_PODFILE_DIR_PATH}/Podfile.lock",
				"${PODS_ROOT}/Manifest.lock",
			);
			name = "[CP] Check Pods Manifest.lock";
			outputFileListPaths = (
			);
			outputPaths = (
				"$(DERIVED_FILE_DIR)/Pods-StoreApp-checkManifestLockResult.txt",
			);
			runOnlyForDeploymentPostprocessing = 0;
			shellPath = /bin/sh;
			shellScript = "diff \"${PODS_PODFILE_DIR_PATH}/Podfile.lock\" \"${PODS_ROOT}/Manifest.lock\" > /dev/null\nif [ $? != 0 ] ; then\n    # print error to STDERR\n    echo \"error: The sandbox is not in sync with the Podfile.lock. Run 'pod install' or update your CocoaPods installation.\" >&2\n    exit 1\nfi\n# This output is used by Xcode 'outputs' to avoid re-running this script phase.\necho \"SUCCESS\" > \"${SCRIPT_OUTPUT_FILE_0}\"\n";
			showEnvVarsInLog = 0;
		};
		5D9DC85C81E336B4C4EF473A /* [CP] Embed Pods Frameworks */ = {
			isa = PBXShellScriptBuildPhase;
			buildActionMask = 2147483647;
			files = (
			);
			inputFileListPaths = (
				"${PODS_ROOT}/Target Support Files/Pods-StoreApp/Pods-StoreApp-frameworks-${CONFIGURATION}-input-files.xcfilelist",
			);
			name = "[CP] Embed Pods Frameworks";
			outputFileListPaths = (
				"${PODS_ROOT}/Target Support Files/Pods-StoreApp/Pods-StoreApp-frameworks-${CONFIGURATION}-output-files.xcfilelist",
			);
			runOnlyForDeploymentPostprocessing = 0;
			shellPath = /bin/sh;
			shellScript = "\"${PODS_ROOT}/Target Support Files/Pods-StoreApp/Pods-StoreApp-frameworks.sh\"\n";
			showEnvVarsInLog = 0;
		};
/* End PBXShellScriptBuildPhase section */

/* Begin PBXSourcesBuildPhase section */
		1EAC46FB290B307B002BD5DC /* Sources */ = {
			isa = PBXSourcesBuildPhase;
			buildActionMask = 2147483647;
			files = (
				D00AAC14291C831700D6F129 /* ItemDetail.swift in Sources */,
				1EDD3E22290DC20300253AF7 /* SignUpScreen.swift in Sources */,
				D0A92EDB292531CB005F1530 /* PantsCategory.swift in Sources */,
				1ED76AD02926CE0700CC8D6F /* UpdatePassword.swift in Sources */,
				1EAC4705290B307B002BD5DC /* ContentView.swift in Sources */,
				D0A92ED72925316D005F1530 /* ShirtsCategory.swift in Sources */,
				D0A92ED9292531A8005F1530 /* ShoesCategory.swift in Sources */,
				1EDD3E1E290DC16D00253AF7 /* SignInScreen.swift in Sources */,
				1ED76ACE2926CDFC00CC8D6F /* UpdateEmail.swift in Sources */,
				1E0D951A291DA0ED00D4A988 /* AccountScreen.swift in Sources */,
				1E0D9518291DA0E500D4A988 /* SearchScreen.swift in Sources */,
				1E0D951C291DA0F900D4A988 /* User.swift in Sources */,
				1EAC4703290B307B002BD5DC /* StoreAppApp.swift in Sources */,
				D00AABF6291C729800D6F129 /* Item.swift in Sources */,
				D00AAC1C291EF9F200D6F129 /* ShortsCategory.swift in Sources */,
				D0D1494C2943B7D60048F7BA /* OrderView.swift in Sources */,
				1EDD3E1C290DC14A00253AF7 /* HomeScreen.swift in Sources */,
				1E0D9516291DA0DD00D4A988 /* CategoriesScreen.swift in Sources */,
			);
			runOnlyForDeploymentPostprocessing = 0;
		};
/* End PBXSourcesBuildPhase section */

/* Begin XCBuildConfiguration section */
		1EAC470B290B307E002BD5DC /* Debug */ = {
			isa = XCBuildConfiguration;
			buildSettings = {
				ALWAYS_SEARCH_USER_PATHS = NO;
				CLANG_ANALYZER_NONNULL = YES;
				CLANG_ANALYZER_NUMBER_OBJECT_CONVERSION = YES_AGGRESSIVE;
				CLANG_CXX_LANGUAGE_STANDARD = "gnu++17";
				CLANG_CXX_LIBRARY = "libc++";
				CLANG_ENABLE_MODULES = YES;
				CLANG_ENABLE_OBJC_ARC = YES;
				CLANG_ENABLE_OBJC_WEAK = YES;
				CLANG_WARN_BLOCK_CAPTURE_AUTORELEASING = YES;
				CLANG_WARN_BOOL_CONVERSION = YES;
				CLANG_WARN_COMMA = YES;
				CLANG_WARN_CONSTANT_CONVERSION = YES;
				CLANG_WARN_DEPRECATED_OBJC_IMPLEMENTATIONS = YES;
				CLANG_WARN_DIRECT_OBJC_ISA_USAGE = YES_ERROR;
				CLANG_WARN_DOCUMENTATION_COMMENTS = YES;
				CLANG_WARN_EMPTY_BODY = YES;
				CLANG_WARN_ENUM_CONVERSION = YES;
				CLANG_WARN_INFINITE_RECURSION = YES;
				CLANG_WARN_INT_CONVERSION = YES;
				CLANG_WARN_NON_LITERAL_NULL_CONVERSION = YES;
				CLANG_WARN_OBJC_IMPLICIT_RETAIN_SELF = YES;
				CLANG_WARN_OBJC_LITERAL_CONVERSION = YES;
				CLANG_WARN_OBJC_ROOT_CLASS = YES_ERROR;
				CLANG_WARN_QUOTED_INCLUDE_IN_FRAMEWORK_HEADER = YES;
				CLANG_WARN_RANGE_LOOP_ANALYSIS = YES;
				CLANG_WARN_STRICT_PROTOTYPES = YES;
				CLANG_WARN_SUSPICIOUS_MOVE = YES;
				CLANG_WARN_UNGUARDED_AVAILABILITY = YES_AGGRESSIVE;
				CLANG_WARN_UNREACHABLE_CODE = YES;
				CLANG_WARN__DUPLICATE_METHOD_MATCH = YES;
				COPY_PHASE_STRIP = NO;
				DEBUG_INFORMATION_FORMAT = dwarf;
				ENABLE_STRICT_OBJC_MSGSEND = YES;
				ENABLE_TESTABILITY = YES;
				GCC_C_LANGUAGE_STANDARD = gnu11;
				GCC_DYNAMIC_NO_PIC = NO;
				GCC_NO_COMMON_BLOCKS = YES;
				GCC_OPTIMIZATION_LEVEL = 0;
				GCC_PREPROCESSOR_DEFINITIONS = (
					"DEBUG=1",
					"$(inherited)",
				);
				GCC_WARN_64_TO_32_BIT_CONVERSION = YES;
				GCC_WARN_ABOUT_RETURN_TYPE = YES_ERROR;
				GCC_WARN_UNDECLARED_SELECTOR = YES;
				GCC_WARN_UNINITIALIZED_AUTOS = YES_AGGRESSIVE;
				GCC_WARN_UNUSED_FUNCTION = YES;
				GCC_WARN_UNUSED_VARIABLE = YES;
				IPHONEOS_DEPLOYMENT_TARGET = 15.2;
				MTL_ENABLE_DEBUG_INFO = INCLUDE_SOURCE;
				MTL_FAST_MATH = YES;
				ONLY_ACTIVE_ARCH = YES;
				SDKROOT = iphoneos;
				SWIFT_ACTIVE_COMPILATION_CONDITIONS = DEBUG;
				SWIFT_OPTIMIZATION_LEVEL = "-Onone";
			};
			name = Debug;
		};
		1EAC470C290B307E002BD5DC /* Release */ = {
			isa = XCBuildConfiguration;
			buildSettings = {
				ALWAYS_SEARCH_USER_PATHS = NO;
				CLANG_ANALYZER_NONNULL = YES;
				CLANG_ANALYZER_NUMBER_OBJECT_CONVERSION = YES_AGGRESSIVE;
				CLANG_CXX_LANGUAGE_STANDARD = "gnu++17";
				CLANG_CXX_LIBRARY = "libc++";
				CLANG_ENABLE_MODULES = YES;
				CLANG_ENABLE_OBJC_ARC = YES;
				CLANG_ENABLE_OBJC_WEAK = YES;
				CLANG_WARN_BLOCK_CAPTURE_AUTORELEASING = YES;
				CLANG_WARN_BOOL_CONVERSION = YES;
				CLANG_WARN_COMMA = YES;
				CLANG_WARN_CONSTANT_CONVERSION = YES;
				CLANG_WARN_DEPRECATED_OBJC_IMPLEMENTATIONS = YES;
				CLANG_WARN_DIRECT_OBJC_ISA_USAGE = YES_ERROR;
				CLANG_WARN_DOCUMENTATION_COMMENTS = YES;
				CLANG_WARN_EMPTY_BODY = YES;
				CLANG_WARN_ENUM_CONVERSION = YES;
				CLANG_WARN_INFINITE_RECURSION = YES;
				CLANG_WARN_INT_CONVERSION = YES;
				CLANG_WARN_NON_LITERAL_NULL_CONVERSION = YES;
				CLANG_WARN_OBJC_IMPLICIT_RETAIN_SELF = YES;
				CLANG_WARN_OBJC_LITERAL_CONVERSION = YES;
				CLANG_WARN_OBJC_ROOT_CLASS = YES_ERROR;
				CLANG_WARN_QUOTED_INCLUDE_IN_FRAMEWORK_HEADER = YES;
				CLANG_WARN_RANGE_LOOP_ANALYSIS = YES;
				CLANG_WARN_STRICT_PROTOTYPES = YES;
				CLANG_WARN_SUSPICIOUS_MOVE = YES;
				CLANG_WARN_UNGUARDED_AVAILABILITY = YES_AGGRESSIVE;
				CLANG_WARN_UNREACHABLE_CODE = YES;
				CLANG_WARN__DUPLICATE_METHOD_MATCH = YES;
				COPY_PHASE_STRIP = NO;
				DEBUG_INFORMATION_FORMAT = "dwarf-with-dsym";
				ENABLE_NS_ASSERTIONS = NO;
				ENABLE_STRICT_OBJC_MSGSEND = YES;
				GCC_C_LANGUAGE_STANDARD = gnu11;
				GCC_NO_COMMON_BLOCKS = YES;
				GCC_WARN_64_TO_32_BIT_CONVERSION = YES;
				GCC_WARN_ABOUT_RETURN_TYPE = YES_ERROR;
				GCC_WARN_UNDECLARED_SELECTOR = YES;
				GCC_WARN_UNINITIALIZED_AUTOS = YES_AGGRESSIVE;
				GCC_WARN_UNUSED_FUNCTION = YES;
				GCC_WARN_UNUSED_VARIABLE = YES;
				IPHONEOS_DEPLOYMENT_TARGET = 15.2;
				MTL_ENABLE_DEBUG_INFO = NO;
				MTL_FAST_MATH = YES;
				SDKROOT = iphoneos;
				SWIFT_COMPILATION_MODE = wholemodule;
				SWIFT_OPTIMIZATION_LEVEL = "-O";
				VALIDATE_PRODUCT = YES;
			};
			name = Release;
		};
		1EAC470E290B307E002BD5DC /* Debug */ = {
			isa = XCBuildConfiguration;
			baseConfigurationReference = 8A8B34BDD00254D9F6C8D953 /* Pods-StoreApp.debug.xcconfig */;
			buildSettings = {
				ASSETCATALOG_COMPILER_APPICON_NAME = AppIcon;
				ASSETCATALOG_COMPILER_GLOBAL_ACCENT_COLOR_NAME = AccentColor;
				CODE_SIGN_STYLE = Automatic;
				CURRENT_PROJECT_VERSION = 1;
				DEVELOPMENT_ASSET_PATHS = "\"StoreApp/Preview Content\"";
				DEVELOPMENT_TEAM = Z873PSDXT2;
				ENABLE_PREVIEWS = YES;
				GENERATE_INFOPLIST_FILE = YES;
				INFOPLIST_KEY_UIApplicationSceneManifest_Generation = YES;
				INFOPLIST_KEY_UIApplicationSupportsIndirectInputEvents = YES;
				INFOPLIST_KEY_UILaunchScreen_Generation = YES;
				INFOPLIST_KEY_UISupportedInterfaceOrientations_iPad = "UIInterfaceOrientationPortrait UIInterfaceOrientationPortraitUpsideDown UIInterfaceOrientationLandscapeLeft UIInterfaceOrientationLandscapeRight";
				INFOPLIST_KEY_UISupportedInterfaceOrientations_iPhone = "UIInterfaceOrientationPortrait UIInterfaceOrientationLandscapeLeft UIInterfaceOrientationLandscapeRight";
				IPHONEOS_DEPLOYMENT_TARGET = 14.0;
				LD_RUNPATH_SEARCH_PATHS = (
					"$(inherited)",
					"@executable_path/Frameworks",
				);
				MARKETING_VERSION = 1.0;
				PRODUCT_BUNDLE_IDENTIFIER = sju.StoreApp;
				PRODUCT_NAME = "$(TARGET_NAME)";
				SWIFT_EMIT_LOC_STRINGS = YES;
				SWIFT_VERSION = 5.0;
				TARGETED_DEVICE_FAMILY = "1,2";
			};
			name = Debug;
		};
		1EAC470F290B307E002BD5DC /* Release */ = {
			isa = XCBuildConfiguration;
			baseConfigurationReference = 29F29BC48B9866F87A6E0FA4 /* Pods-StoreApp.release.xcconfig */;
			buildSettings = {
				ASSETCATALOG_COMPILER_APPICON_NAME = AppIcon;
				ASSETCATALOG_COMPILER_GLOBAL_ACCENT_COLOR_NAME = AccentColor;
				CODE_SIGN_STYLE = Automatic;
				CURRENT_PROJECT_VERSION = 1;
				DEVELOPMENT_ASSET_PATHS = "\"StoreApp/Preview Content\"";
				DEVELOPMENT_TEAM = Z873PSDXT2;
				ENABLE_PREVIEWS = YES;
				GENERATE_INFOPLIST_FILE = YES;
				INFOPLIST_KEY_UIApplicationSceneManifest_Generation = YES;
				INFOPLIST_KEY_UIApplicationSupportsIndirectInputEvents = YES;
				INFOPLIST_KEY_UILaunchScreen_Generation = YES;
				INFOPLIST_KEY_UISupportedInterfaceOrientations_iPad = "UIInterfaceOrientationPortrait UIInterfaceOrientationPortraitUpsideDown UIInterfaceOrientationLandscapeLeft UIInterfaceOrientationLandscapeRight";
				INFOPLIST_KEY_UISupportedInterfaceOrientations_iPhone = "UIInterfaceOrientationPortrait UIInterfaceOrientationLandscapeLeft UIInterfaceOrientationLandscapeRight";
				IPHONEOS_DEPLOYMENT_TARGET = 14.0;
				LD_RUNPATH_SEARCH_PATHS = (
					"$(inherited)",
					"@executable_path/Frameworks",
				);
				MARKETING_VERSION = 1.0;
				PRODUCT_BUNDLE_IDENTIFIER = sju.StoreApp;
				PRODUCT_NAME = "$(TARGET_NAME)";
				SWIFT_EMIT_LOC_STRINGS = YES;
				SWIFT_VERSION = 5.0;
				TARGETED_DEVICE_FAMILY = "1,2";
			};
			name = Release;
		};
/* End XCBuildConfiguration section */

/* Begin XCConfigurationList section */
		1EAC46FA290B307B002BD5DC /* Build configuration list for PBXProject "StoreApp" */ = {
			isa = XCConfigurationList;
			buildConfigurations = (
				1EAC470B290B307E002BD5DC /* Debug */,
				1EAC470C290B307E002BD5DC /* Release */,
			);
			defaultConfigurationIsVisible = 0;
			defaultConfigurationName = Release;
		};
		1EAC470D290B307E002BD5DC /* Build configuration list for PBXNativeTarget "StoreApp" */ = {
			isa = XCConfigurationList;
			buildConfigurations = (
				1EAC470E290B307E002BD5DC /* Debug */,
				1EAC470F290B307E002BD5DC /* Release */,
			);
			defaultConfigurationIsVisible = 0;
			defaultConfigurationName = Release;
		};
/* End XCConfigurationList section */
	};
	rootObject = 1EAC46F7290B307B002BD5DC /* Project object */;
}
